{
  "requires": true,
  "lockfileVersion": 1,
  "dependencies": {
    "@miniprogram-component-plus/video-swiper": {
      "version": "1.0.1",
      "resolved": "https://registry.npm.taobao.org/@miniprogram-component-plus/video-swiper/download/@miniprogram-component-plus/video-swiper-1.0.1.tgz",
      "integrity": "sha1-z1RpfGRm/AF/4MTNFfndFbx2JqU="
    }
  }
}
